// !$*UTF8*$!
{
	archiveVersion = 1;
	classes = {
	};
	objectVersion = 77;
	objects = {

/* Begin PBXBuildFile section */
		02181AEB7C191AF0105DC778 /* AccountViewModelTests.swift in Sources */ = {isa = PBXBuildFile; fileRef = 3234A62047F52BDA50E2F716 /* AccountViewModelTests.swift */; };
		06D843FC3C1FCBD2CAD2CF03 /* ShortcutsIntents.swift in Sources */ = {isa = PBXBuildFile; fileRef = 7FDF3F697D764C5128E99BD1 /* ShortcutsIntents.swift */; };
		073DBA89543E46C63CD05503 /* PropertiesSheet.swift in Sources */ = {isa = PBXBuildFile; fileRef = F65BAEDE8D4FA63EFECA57F3 /* PropertiesSheet.swift */; };
		079E791883E64C1DBDCA57B1 /* MediaPlayerSheet.swift in Sources */ = {isa = PBXBuildFile; fileRef = C0DF32F9F85FC56862BA973A /* MediaPlayerSheet.swift */; };
		07A226EE2F77ABA507DC3BCB /* ClipboardState.swift in Sources */ = {isa = PBXBuildFile; fileRef = DEE731FEF9343F36A7C52E62 /* ClipboardState.swift */; };
		0A8A0AE829771EED019EAB4D /* TransferEngine in Frameworks */ = {isa = PBXBuildFile; productRef = 8C33DD9A8FA9D31DB0A4DF51 /* TransferEngine */; };
		13AEBC4777ACED0E7B9C8A19 /* AppLockViewModel.swift in Sources */ = {isa = PBXBuildFile; fileRef = 307C24E38B7EB2DCF86D141A /* AppLockViewModel.swift */; };
		157CC405111B97E225993A86 /* SearchViewModel.swift in Sources */ = {isa = PBXBuildFile; fileRef = 646DE6E8813FF584E2B95D5B /* SearchViewModel.swift */; };
		1AC1A2FC404036D746E2AE2C /* TrashViewModelTests.swift in Sources */ = {isa = PBXBuildFile; fileRef = AE67102A0159FB8CD76EC539 /* TrashViewModelTests.swift */; };
		2035AB8F25AD0E36FB555B2D /* TransferViewModelTests.swift in Sources */ = {isa = PBXBuildFile; fileRef = D5DD1E4E18F2F1415841AC39 /* TransferViewModelTests.swift */; };
		243D51F07A18FCCB941C71EC /* ErrorBannerView.swift in Sources */ = {isa = PBXBuildFile; fileRef = 61C0A4DE01201EA56ED6DE78 /* ErrorBannerView.swift */; };
		25959630071EDB113C17A17B /* QuotaSheet.swift in Sources */ = {isa = PBXBuildFile; fileRef = 35520AB65C05142A7B448AC9 /* QuotaSheet.swift */; };
		25B731ED42E255F1E03CE89F /* MenuBarView.swift in Sources */ = {isa = PBXBuildFile; fileRef = 3EA740BCD6F8AD3810DEEA88 /* MenuBarView.swift */; };
		2AD7F3888315638DD5A44269 /* PanelViewModel.swift in Sources */ = {isa = PBXBuildFile; fileRef = 0144915081E072ECFA22FEDF /* PanelViewModel.swift */; };
		2D7B7F57438245E2C331836C /* SearchViewModelTests.swift in Sources */ = {isa = PBXBuildFile; fileRef = 89BD872C179F52F865037212 /* SearchViewModelTests.swift */; };
		313D4CDBB62AB9DFEDE6CA8F /* BulkRenameSheet.swift in Sources */ = {isa = PBXBuildFile; fileRef = 2FE41C3FA7CD3DDCB8E214B9 /* BulkRenameSheet.swift */; };
		31A11E75C90674C658F3B5BE /* VersionHistorySheet.swift in Sources */ = {isa = PBXBuildFile; fileRef = FD99C551471C572C575EF951 /* VersionHistorySheet.swift */; };
		3640F647B1A6D84755DE7CB8 /* SpotlightIndexer.swift in Sources */ = {isa = PBXBuildFile; fileRef = 3F0433CB242811F8B9F5CA9B /* SpotlightIndexer.swift */; };
		378495DB3588EA16B37DC7A1 /* DuplicateDetector.swift in Sources */ = {isa = PBXBuildFile; fileRef = 9E3659D33835957F94800916 /* DuplicateDetector.swift */; };
		38E5C1A13B164AFCA8F53D6D /* TransferCheckpoint.swift in Sources */ = {isa = PBXBuildFile; fileRef = 52AE5423077A08D13E23E14F /* TransferCheckpoint.swift */; };
		3A422DE5C87248AC604C7DB2 /* LockScreenView.swift in Sources */ = {isa = PBXBuildFile; fileRef = FE94DFF88C4A3C2100E5E0FA /* LockScreenView.swift */; };
		3D051FFA0579BAEC8E12F102 /* CryptSetupSheet.swift in Sources */ = {isa = PBXBuildFile; fileRef = 7226D01943C969AC0F3F04C0 /* CryptSetupSheet.swift */; };
		3F88688B3360221450CB57C1 /* FileBrowser in Frameworks */ = {isa = PBXBuildFile; productRef = EDCA180A72D526DF98ED4F25 /* FileBrowser */; };
		403A7333848641306F3A1A5E /* ConfirmDeleteSheet.swift in Sources */ = {isa = PBXBuildFile; fileRef = 28CD19DBE9956E559A09821D /* ConfirmDeleteSheet.swift */; };
		40D08091F09CE22B1ECC0FD3 /* L10n.swift in Sources */ = {isa = PBXBuildFile; fileRef = 39DF55222BD1BD31D06AC192 /* L10n.swift */; };
		44ED77D032B7DADB098CD7F6 /* NewFolderSheet.swift in Sources */ = {isa = PBXBuildFile; fileRef = B5FBB2AFC29F900A57EABD79 /* NewFolderSheet.swift */; };
		4617736740BC0097E51CDE41 /* SyncViewModelTests.swift in Sources */ = {isa = PBXBuildFile; fileRef = 021C8E67C73648A086FC35F8 /* SyncViewModelTests.swift */; };
		47036768A9366CAB5C7D0D5B /* DuplicateFinderView.swift in Sources */ = {isa = PBXBuildFile; fileRef = 6DE5D8D0F8CA5455399181B1 /* DuplicateFinderView.swift */; };
		4811E55E478DBE1664F04A2E /* TransferEngine in Frameworks */ = {isa = PBXBuildFile; productRef = 7D29C3486EA14EAAC8508731 /* TransferEngine */; };
		4B6F60591FE725DC2136B7C5 /* MountViewModelTests.swift in Sources */ = {isa = PBXBuildFile; fileRef = F9666750B3BBF443A4303DE9 /* MountViewModelTests.swift */; };
		4CBB1F49A365B4478029E175 /* MockRcloneClient.swift in Sources */ = {isa = PBXBuildFile; fileRef = 30CFB660F919E85CA1982EDC /* MockRcloneClient.swift */; };
		4E0063D38E0A20A7742ADB9F /* TrashViewModel.swift in Sources */ = {isa = PBXBuildFile; fileRef = 52461AC666D6A7DBE670DCE2 /* TrashViewModel.swift */; };
		4E285EB57273DA3AF1D85B9A /* OnboardingView.swift in Sources */ = {isa = PBXBuildFile; fileRef = DEB82F506CED5E93848B9E8A /* OnboardingView.swift */; };
		4FA65452464A451F590BC7F2 /* ErrorClassifier.swift in Sources */ = {isa = PBXBuildFile; fileRef = 4BF77A4E04629202EE62380B /* ErrorClassifier.swift */; };
		5029A7FAA982A9A59C91A16E /* AppLockViewModelTests.swift in Sources */ = {isa = PBXBuildFile; fileRef = 670AF53D6ACFFDDDEDFA3846 /* AppLockViewModelTests.swift */; };
		5A902CEEECB6CDA9633EEE9E /* TrashView.swift in Sources */ = {isa = PBXBuildFile; fileRef = 26BAABCB2AEDE0EFAA539908 /* TrashView.swift */; };
		5F19F557B79DD21E7404E931 /* SchedulerViewModel.swift in Sources */ = {isa = PBXBuildFile; fileRef = D049D4A21803DCC4AB6CF6D3 /* SchedulerViewModel.swift */; };
		6AE5B27977F360E37A399953 /* FinderService.swift in Sources */ = {isa = PBXBuildFile; fileRef = DE9D7A80905496C12B372D73 /* FinderService.swift */; };
		6B955B64ED84261BDFC765D2 /* Localizable.xcstrings in Resources */ = {isa = PBXBuildFile; fileRef = 6B9DD946499F99FC5F3E724C /* Localizable.xcstrings */; };
		717FEE990CF602296BD40C7B /* SidebarView.swift in Sources */ = {isa = PBXBuildFile; fileRef = 79ECDA66CF28B4184F7CF343 /* SidebarView.swift */; };
		723A6BCAB2E8AA9FD84D303C /* SettingsSheet.swift in Sources */ = {isa = PBXBuildFile; fileRef = 090079FC162562F112C2A3B5 /* SettingsSheet.swift */; };
		725E546F38CE997C29650604 /* SchedulerViewModelTests.swift in Sources */ = {isa = PBXBuildFile; fileRef = F77B2A5E96B7F7D084C89482 /* SchedulerViewModelTests.swift */; };
		775C9E6CC5E68EC6E531E7B8 /* FormatUtilsTests.swift in Sources */ = {isa = PBXBuildFile; fileRef = F06D0C41F9ACC57735FA133F /* FormatUtilsTests.swift */; };
		7AFDDB9AAA2B36856AF1065E /* ContentView.swift in Sources */ = {isa = PBXBuildFile; fileRef = B0738E70B6EF3196F869BAEA /* ContentView.swift */; };
		7C83A786948DB50027A58D92 /* CLIHandlerTests.swift in Sources */ = {isa = PBXBuildFile; fileRef = CCA382391A4ABF79D19478D7 /* CLIHandlerTests.swift */; };
		7D75A7D6936A3833BD58ED09 /* ExplorerView.swift in Sources */ = {isa = PBXBuildFile; fileRef = 1388A665368F1961BD685D05 /* ExplorerView.swift */; };
		7EE0AC25E5A2309B494A8CE3 /* FilePane.swift in Sources */ = {isa = PBXBuildFile; fileRef = 86E8D1954B475B47F2B2051F /* FilePane.swift */; };
		83436735E2F2C4A2419B726D /* SetPasswordSheet.swift in Sources */ = {isa = PBXBuildFile; fileRef = 602A18F4A658CA2015CE8470 /* SetPasswordSheet.swift */; };
		83C3017DFCE8E01FC33C1B03 /* FormatUtils.swift in Sources */ = {isa = PBXBuildFile; fileRef = A9A677D7F57716D008D17B43 /* FormatUtils.swift */; };
		8585D96A6063CC692E40BB2F /* QuickLookBridge.swift in Sources */ = {isa = PBXBuildFile; fileRef = 9F55FCB05C4CE60DF12120CE /* QuickLookBridge.swift */; };
		88E772ABF499FA4AC20391DC /* FinderUploadSheet.swift in Sources */ = {isa = PBXBuildFile; fileRef = 6A388AAB43F3E2C01CDEAF23 /* FinderUploadSheet.swift */; };
		909B9642CD5641144D3C4CBD /* SearchPanelView.swift in Sources */ = {isa = PBXBuildFile; fileRef = A2FFDECC974E2109E8B74D79 /* SearchPanelView.swift */; };
		950E6123BCD52DE51F0F5D72 /* RcloneKit in Frameworks */ = {isa = PBXBuildFile; productRef = DAFEF365010052F3E6A7ECED /* RcloneKit */; };
		A5D3D5FBE9516269E5FF0A6E /* App.swift in Sources */ = {isa = PBXBuildFile; fileRef = A3CD57E91417206AF17DDB71 /* App.swift */; };
		A81FA05C53B8494BAD01F87C /* UnionSetupSheet.swift in Sources */ = {isa = PBXBuildFile; fileRef = E75F7431EB6BB248ED9CBB23 /* UnionSetupSheet.swift */; };
		A90A474C91F4467FD24C25B1 /* FileBrowser in Frameworks */ = {isa = PBXBuildFile; productRef = D7B2F18F6C32C3BD1EDADE5E /* FileBrowser */; };
		AC944D099EDFC62D21457718 /* MountViewModel.swift in Sources */ = {isa = PBXBuildFile; fileRef = 0C496CA1F53C69E0D536E256 /* MountViewModel.swift */; };
		AD1C0E2FE8B94CF9C11FFCA1 /* PathUtilsTests.swift in Sources */ = {isa = PBXBuildFile; fileRef = CE399BD457FA62727539FD6F /* PathUtilsTests.swift */; };
		AEB6A193DBE982BD53687ADD /* TransferBarView.swift in Sources */ = {isa = PBXBuildFile; fileRef = 992EDF00E3BE18C018EF73C4 /* TransferBarView.swift */; };
		AF231BC7853B6BA5258C0A00 /* CLIHandler.swift in Sources */ = {isa = PBXBuildFile; fileRef = B0EDA99E878E768D6B75F4E4 /* CLIHandler.swift */; };
		B1FD9190EC9CBFF2A867370F /* SettingsViewModelTests.swift in Sources */ = {isa = PBXBuildFile; fileRef = 96C95D8C42FA5FEB5BC8174C /* SettingsViewModelTests.swift */; };
		B8376551C59A3B4F5420CE4A /* PathUtils.swift in Sources */ = {isa = PBXBuildFile; fileRef = 05D52EE497A536CF66B6BA14 /* PathUtils.swift */; };
		BA935CD5B8638757177817B5 /* AccountSetupView.swift in Sources */ = {isa = PBXBuildFile; fileRef = D882FD253104D9E1A8B2876C /* AccountSetupView.swift */; };
		C15F14F4A9A7C849F47A3F91 /* CompressUploadSheet.swift in Sources */ = {isa = PBXBuildFile; fileRef = 49E767503D6DA16E81118049 /* CompressUploadSheet.swift */; };
		C459DD6871CEA692FAB4DBE4 /* MountView.swift in Sources */ = {isa = PBXBuildFile; fileRef = 3367A1B528B7C25267CA61E4 /* MountView.swift */; };
		C4665B3B160E583A22C0674E /* URLSchemeHandler.swift in Sources */ = {isa = PBXBuildFile; fileRef = 86CE7B8D47C64A9AAB391552 /* URLSchemeHandler.swift */; };
		C706CB7F75EC151B17E37F45 /* HashCompareSheet.swift in Sources */ = {isa = PBXBuildFile; fileRef = 7C17292A13239D0E9FC11E27 /* HashCompareSheet.swift */; };
		CD056BA3486CB41301318CE2 /* PanelViewModelTests.swift in Sources */ = {isa = PBXBuildFile; fileRef = 11BC05322F92FE4D7B12810C /* PanelViewModelTests.swift */; };
		CFCBBBE6FA89E0AB9105A495 /* SyncView.swift in Sources */ = {isa = PBXBuildFile; fileRef = F26AAF5799C5E606D409FF9D /* SyncView.swift */; };
		CFD8F3ECF6B06D682E8ED167 /* SettingsViewModel.swift in Sources */ = {isa = PBXBuildFile; fileRef = D8D14C998D5512918431EA71 /* SettingsViewModel.swift */; };
		D237F908ECBE83811F1434A5 /* AccountViewModel.swift in Sources */ = {isa = PBXBuildFile; fileRef = 051EC24A61AA65FEFC569813 /* AccountViewModel.swift */; };
		D6B9E5A5F380557102335AD1 /* TransferReportSheet.swift in Sources */ = {isa = PBXBuildFile; fileRef = 44E56BF54E5FF690118EC8DC /* TransferReportSheet.swift */; };
		D968EF1DF527B0441A546064 /* L10nTests.swift in Sources */ = {isa = PBXBuildFile; fileRef = D1DD2489EFCF70BDD4260D63 /* L10nTests.swift */; };
		DAE1A8FD692578AEB8BC852E /* RcloneKit in Frameworks */ = {isa = PBXBuildFile; productRef = DFFC37DF129E4F0FB447056A /* RcloneKit */; };
		DE92648DB6DB91BD20C8E7A9 /* SyncViewModel.swift in Sources */ = {isa = PBXBuildFile; fileRef = 409240D17EC1A7C4B0AEB92F /* SyncViewModel.swift */; };
		E075FC1E3D85AA8810F792BA /* BookmarkViewModelTests.swift in Sources */ = {isa = PBXBuildFile; fileRef = E16BDCB5E0350028A0219D11 /* BookmarkViewModelTests.swift */; };
		E2A718F0942E1263FF0C853D /* AppState.swift in Sources */ = {isa = PBXBuildFile; fileRef = 00AE9EB594683D318ED922F6 /* AppState.swift */; };
		E2BB861E40CB7BFC2DE2FCDC /* BookmarkViewModel.swift in Sources */ = {isa = PBXBuildFile; fileRef = AA008259D11872FF50784ACF /* BookmarkViewModel.swift */; };
		E4E96BEC6FE83A2149D06E22 /* FilePanePathBar.swift in Sources */ = {isa = PBXBuildFile; fileRef = 6D77238B2C3C271A813BE9AB /* FilePanePathBar.swift */; };
		E72A48C49418D7029790D3BA /* SchedulerView.swift in Sources */ = {isa = PBXBuildFile; fileRef = 4A15CD8D70189A5B13D8FCDB /* SchedulerView.swift */; };
		EA0C9E2790D82D5C6D5272BB /* ProviderIcon.swift in Sources */ = {isa = PBXBuildFile; fileRef = DAB4F31A70F874D5F6F981CA /* ProviderIcon.swift */; };
		EA978993B6C5EB828DEEA921 /* SyncProfileSheet.swift in Sources */ = {isa = PBXBuildFile; fileRef = E650D32A90352D9A20677AE8 /* SyncProfileSheet.swift */; };
		EAE976E085C0DA2C5C395036 /* BookmarkView.swift in Sources */ = {isa = PBXBuildFile; fileRef = 52B1759FCB8FF98B4CC339C8 /* BookmarkView.swift */; };
		EE5262051872458647D6BEF8 /* RemoteSelectorView.swift in Sources */ = {isa = PBXBuildFile; fileRef = 5E32FEF6A8F7293D51A39017 /* RemoteSelectorView.swift */; };
		F95D1084ED438C375089F0CE /* TransferViewModel.swift in Sources */ = {isa = PBXBuildFile; fileRef = 5150A4D8F6C0212533E53DD8 /* TransferViewModel.swift */; };
		F9EEB6464F2F2D9D2596CC2A /* FilePaneTabBar.swift in Sources */ = {isa = PBXBuildFile; fileRef = 5231D3878DEE9FAA784621A3 /* FilePaneTabBar.swift */; };
		FAE1AC8FEAA9889057D1DAD9 /* FileTableView.swift in Sources */ = {isa = PBXBuildFile; fileRef = 87351B73D23FEAE3793DFD33 /* FileTableView.swift */; };
		FD5B29F642486E001174AE69 /* ClipboardStateTests.swift in Sources */ = {isa = PBXBuildFile; fileRef = 19791174FAAA33B08D7296AE /* ClipboardStateTests.swift */; };
/* End PBXBuildFile section */

/* Begin PBXContainerItemProxy section */
		514343397AB5F8D9B14AC736 /* PBXContainerItemProxy */ = {
			isa = PBXContainerItemProxy;
			containerPortal = 68FCE6318BDCB6C0EF3E0AD2 /* Project object */;
			proxyType = 1;
			remoteGlobalIDString = 924C126636D65D7EBB8721A7;
			remoteInfo = RcloneGUI;
		};
/* End PBXContainerItemProxy section */

/* Begin PBXFileReference section */
		00AE9EB594683D318ED922F6 /* AppState.swift */ = {isa = PBXFileReference; lastKnownFileType = sourcecode.swift; path = AppState.swift; sourceTree = "<group>"; };
		0144915081E072ECFA22FEDF /* PanelViewModel.swift */ = {isa = PBXFileReference; lastKnownFileType = sourcecode.swift; path = PanelViewModel.swift; sourceTree = "<group>"; };
		021C8E67C73648A086FC35F8 /* SyncViewModelTests.swift */ = {isa = PBXFileReference; lastKnownFileType = sourcecode.swift; path = SyncViewModelTests.swift; sourceTree = "<group>"; };
		051EC24A61AA65FEFC569813 /* AccountViewModel.swift */ = {isa = PBXFileReference; lastKnownFileType = sourcecode.swift; path = AccountViewModel.swift; sourceTree = "<group>"; };
		05D52EE497A536CF66B6BA14 /* PathUtils.swift */ = {isa = PBXFileReference; lastKnownFileType = sourcecode.swift; path = PathUtils.swift; sourceTree = "<group>"; };
		090079FC162562F112C2A3B5 /* SettingsSheet.swift */ = {isa = PBXFileReference; lastKnownFileType = sourcecode.swift; path = SettingsSheet.swift; sourceTree = "<group>"; };
		0C496CA1F53C69E0D536E256 /* MountViewModel.swift */ = {isa = PBXFileReference; lastKnownFileType = sourcecode.swift; path = MountViewModel.swift; sourceTree = "<group>"; };
		11BC05322F92FE4D7B12810C /* PanelViewModelTests.swift */ = {isa = PBXFileReference; lastKnownFileType = sourcecode.swift; path = PanelViewModelTests.swift; sourceTree = "<group>"; };
		1388A665368F1961BD685D05 /* ExplorerView.swift */ = {isa = PBXFileReference; lastKnownFileType = sourcecode.swift; path = ExplorerView.swift; sourceTree = "<group>"; };
		19791174FAAA33B08D7296AE /* ClipboardStateTests.swift */ = {isa = PBXFileReference; lastKnownFileType = sourcecode.swift; path = ClipboardStateTests.swift; sourceTree = "<group>"; };
		26BAABCB2AEDE0EFAA539908 /* TrashView.swift */ = {isa = PBXFileReference; lastKnownFileType = sourcecode.swift; path = TrashView.swift; sourceTree = "<group>"; };
		28CD19DBE9956E559A09821D /* ConfirmDeleteSheet.swift */ = {isa = PBXFileReference; lastKnownFileType = sourcecode.swift; path = ConfirmDeleteSheet.swift; sourceTree = "<group>"; };
		2FE41C3FA7CD3DDCB8E214B9 /* BulkRenameSheet.swift */ = {isa = PBXFileReference; lastKnownFileType = sourcecode.swift; path = BulkRenameSheet.swift; sourceTree = "<group>"; };
		307C24E38B7EB2DCF86D141A /* AppLockViewModel.swift */ = {isa = PBXFileReference; lastKnownFileType = sourcecode.swift; path = AppLockViewModel.swift; sourceTree = "<group>"; };
		30CFB660F919E85CA1982EDC /* MockRcloneClient.swift */ = {isa = PBXFileReference; lastKnownFileType = sourcecode.swift; path = MockRcloneClient.swift; sourceTree = "<group>"; };
		3234A62047F52BDA50E2F716 /* AccountViewModelTests.swift */ = {isa = PBXFileReference; lastKnownFileType = sourcecode.swift; path = AccountViewModelTests.swift; sourceTree = "<group>"; };
		3367A1B528B7C25267CA61E4 /* MountView.swift */ = {isa = PBXFileReference; lastKnownFileType = sourcecode.swift; path = MountView.swift; sourceTree = "<group>"; };
		35520AB65C05142A7B448AC9 /* QuotaSheet.swift */ = {isa = PBXFileReference; lastKnownFileType = sourcecode.swift; path = QuotaSheet.swift; sourceTree = "<group>"; };
		39DF55222BD1BD31D06AC192 /* L10n.swift */ = {isa = PBXFileReference; lastKnownFileType = sourcecode.swift; path = L10n.swift; sourceTree = "<group>"; };
		3EA740BCD6F8AD3810DEEA88 /* MenuBarView.swift */ = {isa = PBXFileReference; lastKnownFileType = sourcecode.swift; path = MenuBarView.swift; sourceTree = "<group>"; };
		3F0433CB242811F8B9F5CA9B /* SpotlightIndexer.swift */ = {isa = PBXFileReference; lastKnownFileType = sourcecode.swift; path = SpotlightIndexer.swift; sourceTree = "<group>"; };
		409240D17EC1A7C4B0AEB92F /* SyncViewModel.swift */ = {isa = PBXFileReference; lastKnownFileType = sourcecode.swift; path = SyncViewModel.swift; sourceTree = "<group>"; };
		44E56BF54E5FF690118EC8DC /* TransferReportSheet.swift */ = {isa = PBXFileReference; lastKnownFileType = sourcecode.swift; path = TransferReportSheet.swift; sourceTree = "<group>"; };
		49E767503D6DA16E81118049 /* CompressUploadSheet.swift */ = {isa = PBXFileReference; lastKnownFileType = sourcecode.swift; path = CompressUploadSheet.swift; sourceTree = "<group>"; };
		4A15CD8D70189A5B13D8FCDB /* SchedulerView.swift */ = {isa = PBXFileReference; lastKnownFileType = sourcecode.swift; path = SchedulerView.swift; sourceTree = "<group>"; };
		4BF77A4E04629202EE62380B /* ErrorClassifier.swift */ = {isa = PBXFileReference; lastKnownFileType = sourcecode.swift; path = ErrorClassifier.swift; sourceTree = "<group>"; };
		5150A4D8F6C0212533E53DD8 /* TransferViewModel.swift */ = {isa = PBXFileReference; lastKnownFileType = sourcecode.swift; path = TransferViewModel.swift; sourceTree = "<group>"; };
		5231D3878DEE9FAA784621A3 /* FilePaneTabBar.swift */ = {isa = PBXFileReference; lastKnownFileType = sourcecode.swift; path = FilePaneTabBar.swift; sourceTree = "<group>"; };
		52461AC666D6A7DBE670DCE2 /* TrashViewModel.swift */ = {isa = PBXFileReference; lastKnownFileType = sourcecode.swift; path = TrashViewModel.swift; sourceTree = "<group>"; };
		52AE5423077A08D13E23E14F /* TransferCheckpoint.swift */ = {isa = PBXFileReference; lastKnownFileType = sourcecode.swift; path = TransferCheckpoint.swift; sourceTree = "<group>"; };
		52B1759FCB8FF98B4CC339C8 /* BookmarkView.swift */ = {isa = PBXFileReference; lastKnownFileType = sourcecode.swift; path = BookmarkView.swift; sourceTree = "<group>"; };
		57B2EB5935174016E994EACA /* RcloneGUI.app */ = {isa = PBXFileReference; explicitFileType = wrapper.application; includeInIndex = 0; path = RcloneGUI.app; sourceTree = BUILT_PRODUCTS_DIR; };
		58A22AE36DDDC9069C606251 /* FileBrowser */ = {isa = PBXFileReference; lastKnownFileType = folder; name = FileBrowser; path = Packages/FileBrowser; sourceTree = SOURCE_ROOT; };
		5E32FEF6A8F7293D51A39017 /* RemoteSelectorView.swift */ = {isa = PBXFileReference; lastKnownFileType = sourcecode.swift; path = RemoteSelectorView.swift; sourceTree = "<group>"; };
		602A18F4A658CA2015CE8470 /* SetPasswordSheet.swift */ = {isa = PBXFileReference; lastKnownFileType = sourcecode.swift; path = SetPasswordSheet.swift; sourceTree = "<group>"; };
		61C0A4DE01201EA56ED6DE78 /* ErrorBannerView.swift */ = {isa = PBXFileReference; lastKnownFileType = sourcecode.swift; path = ErrorBannerView.swift; sourceTree = "<group>"; };
		646DE6E8813FF584E2B95D5B /* SearchViewModel.swift */ = {isa = PBXFileReference; lastKnownFileType = sourcecode.swift; path = SearchViewModel.swift; sourceTree = "<group>"; };
		670AF53D6ACFFDDDEDFA3846 /* AppLockViewModelTests.swift */ = {isa = PBXFileReference; lastKnownFileType = sourcecode.swift; path = AppLockViewModelTests.swift; sourceTree = "<group>"; };
		6A388AAB43F3E2C01CDEAF23 /* FinderUploadSheet.swift */ = {isa = PBXFileReference; lastKnownFileType = sourcecode.swift; path = FinderUploadSheet.swift; sourceTree = "<group>"; };
		6B9DD946499F99FC5F3E724C /* Localizable.xcstrings */ = {isa = PBXFileReference; lastKnownFileType = text.json.xcstrings; path = Localizable.xcstrings; sourceTree = "<group>"; };
		6D77238B2C3C271A813BE9AB /* FilePanePathBar.swift */ = {isa = PBXFileReference; lastKnownFileType = sourcecode.swift; path = FilePanePathBar.swift; sourceTree = "<group>"; };
		6DE5D8D0F8CA5455399181B1 /* DuplicateFinderView.swift */ = {isa = PBXFileReference; lastKnownFileType = sourcecode.swift; path = DuplicateFinderView.swift; sourceTree = "<group>"; };
		7226D01943C969AC0F3F04C0 /* CryptSetupSheet.swift */ = {isa = PBXFileReference; lastKnownFileType = sourcecode.swift; path = CryptSetupSheet.swift; sourceTree = "<group>"; };
		78D37DC600F3C0AB0B7FB065 /* RcloneKit */ = {isa = PBXFileReference; lastKnownFileType = folder; name = RcloneKit; path = Packages/RcloneKit; sourceTree = SOURCE_ROOT; };
		79ECDA66CF28B4184F7CF343 /* SidebarView.swift */ = {isa = PBXFileReference; lastKnownFileType = sourcecode.swift; path = SidebarView.swift; sourceTree = "<group>"; };
		7C17292A13239D0E9FC11E27 /* HashCompareSheet.swift */ = {isa = PBXFileReference; lastKnownFileType = sourcecode.swift; path = HashCompareSheet.swift; sourceTree = "<group>"; };
		7FDF3F697D764C5128E99BD1 /* ShortcutsIntents.swift */ = {isa = PBXFileReference; lastKnownFileType = sourcecode.swift; path = ShortcutsIntents.swift; sourceTree = "<group>"; };
		86CE7B8D47C64A9AAB391552 /* URLSchemeHandler.swift */ = {isa = PBXFileReference; lastKnownFileType = sourcecode.swift; path = URLSchemeHandler.swift; sourceTree = "<group>"; };
		86E8D1954B475B47F2B2051F /* FilePane.swift */ = {isa = PBXFileReference; lastKnownFileType = sourcecode.swift; path = FilePane.swift; sourceTree = "<group>"; };
		87351B73D23FEAE3793DFD33 /* FileTableView.swift */ = {isa = PBXFileReference; lastKnownFileType = sourcecode.swift; path = FileTableView.swift; sourceTree = "<group>"; };
		89BD872C179F52F865037212 /* SearchViewModelTests.swift */ = {isa = PBXFileReference; lastKnownFileType = sourcecode.swift; path = SearchViewModelTests.swift; sourceTree = "<group>"; };
		96C95D8C42FA5FEB5BC8174C /* SettingsViewModelTests.swift */ = {isa = PBXFileReference; lastKnownFileType = sourcecode.swift; path = SettingsViewModelTests.swift; sourceTree = "<group>"; };
		992EDF00E3BE18C018EF73C4 /* TransferBarView.swift */ = {isa = PBXFileReference; lastKnownFileType = sourcecode.swift; path = TransferBarView.swift; sourceTree = "<group>"; };
		9E3659D33835957F94800916 /* DuplicateDetector.swift */ = {isa = PBXFileReference; lastKnownFileType = sourcecode.swift; path = DuplicateDetector.swift; sourceTree = "<group>"; };
		9F55FCB05C4CE60DF12120CE /* QuickLookBridge.swift */ = {isa = PBXFileReference; lastKnownFileType = sourcecode.swift; path = QuickLookBridge.swift; sourceTree = "<group>"; };
		A2FFDECC974E2109E8B74D79 /* SearchPanelView.swift */ = {isa = PBXFileReference; lastKnownFileType = sourcecode.swift; path = SearchPanelView.swift; sourceTree = "<group>"; };
		A3CD57E91417206AF17DDB71 /* App.swift */ = {isa = PBXFileReference; lastKnownFileType = sourcecode.swift; path = App.swift; sourceTree = "<group>"; };
		A5F00A1E54B382E45EE893F4 /* TransferEngine */ = {isa = PBXFileReference; lastKnownFileType = folder; name = TransferEngine; path = Packages/TransferEngine; sourceTree = SOURCE_ROOT; };
		A9A677D7F57716D008D17B43 /* FormatUtils.swift */ = {isa = PBXFileReference; lastKnownFileType = sourcecode.swift; path = FormatUtils.swift; sourceTree = "<group>"; };
		AA008259D11872FF50784ACF /* BookmarkViewModel.swift */ = {isa = PBXFileReference; lastKnownFileType = sourcecode.swift; path = BookmarkViewModel.swift; sourceTree = "<group>"; };
		AA2DDEAA5890ACBA159AE7B2 /* RcloneGUITests.xctest */ = {isa = PBXFileReference; explicitFileType = wrapper.cfbundle; includeInIndex = 0; path = RcloneGUITests.xctest; sourceTree = BUILT_PRODUCTS_DIR; };
		AE67102A0159FB8CD76EC539 /* TrashViewModelTests.swift */ = {isa = PBXFileReference; lastKnownFileType = sourcecode.swift; path = TrashViewModelTests.swift; sourceTree = "<group>"; };
		B0738E70B6EF3196F869BAEA /* ContentView.swift */ = {isa = PBXFileReference; lastKnownFileType = sourcecode.swift; path = ContentView.swift; sourceTree = "<group>"; };
		B0EDA99E878E768D6B75F4E4 /* CLIHandler.swift */ = {isa = PBXFileReference; lastKnownFileType = sourcecode.swift; path = CLIHandler.swift; sourceTree = "<group>"; };
		B5FBB2AFC29F900A57EABD79 /* NewFolderSheet.swift */ = {isa = PBXFileReference; lastKnownFileType = sourcecode.swift; path = NewFolderSheet.swift; sourceTree = "<group>"; };
		C0DF32F9F85FC56862BA973A /* MediaPlayerSheet.swift */ = {isa = PBXFileReference; lastKnownFileType = sourcecode.swift; path = MediaPlayerSheet.swift; sourceTree = "<group>"; };
		CCA382391A4ABF79D19478D7 /* CLIHandlerTests.swift */ = {isa = PBXFileReference; lastKnownFileType = sourcecode.swift; path = CLIHandlerTests.swift; sourceTree = "<group>"; };
		CE399BD457FA62727539FD6F /* PathUtilsTests.swift */ = {isa = PBXFileReference; lastKnownFileType = sourcecode.swift; path = PathUtilsTests.swift; sourceTree = "<group>"; };
		D049D4A21803DCC4AB6CF6D3 /* SchedulerViewModel.swift */ = {isa = PBXFileReference; lastKnownFileType = sourcecode.swift; path = SchedulerViewModel.swift; sourceTree = "<group>"; };
		D1DD2489EFCF70BDD4260D63 /* L10nTests.swift */ = {isa = PBXFileReference; lastKnownFileType = sourcecode.swift; path = L10nTests.swift; sourceTree = "<group>"; };
		D5DD1E4E18F2F1415841AC39 /* TransferViewModelTests.swift */ = {isa = PBXFileReference; lastKnownFileType = sourcecode.swift; path = TransferViewModelTests.swift; sourceTree = "<group>"; };
		D882FD253104D9E1A8B2876C /* AccountSetupView.swift */ = {isa = PBXFileReference; lastKnownFileType = sourcecode.swift; path = AccountSetupView.swift; sourceTree = "<group>"; };
		D8D14C998D5512918431EA71 /* SettingsViewModel.swift */ = {isa = PBXFileReference; lastKnownFileType = sourcecode.swift; path = SettingsViewModel.swift; sourceTree = "<group>"; };
		DAB4F31A70F874D5F6F981CA /* ProviderIcon.swift */ = {isa = PBXFileReference; lastKnownFileType = sourcecode.swift; path = ProviderIcon.swift; sourceTree = "<group>"; };
		DE9D7A80905496C12B372D73 /* FinderService.swift */ = {isa = PBXFileReference; lastKnownFileType = sourcecode.swift; path = FinderService.swift; sourceTree = "<group>"; };
		DEB82F506CED5E93848B9E8A /* OnboardingView.swift */ = {isa = PBXFileReference; lastKnownFileType = sourcecode.swift; path = OnboardingView.swift; sourceTree = "<group>"; };
		DEE731FEF9343F36A7C52E62 /* ClipboardState.swift */ = {isa = PBXFileReference; lastKnownFileType = sourcecode.swift; path = ClipboardState.swift; sourceTree = "<group>"; };
		E16BDCB5E0350028A0219D11 /* BookmarkViewModelTests.swift */ = {isa = PBXFileReference; lastKnownFileType = sourcecode.swift; path = BookmarkViewModelTests.swift; sourceTree = "<group>"; };
		E650D32A90352D9A20677AE8 /* SyncProfileSheet.swift */ = {isa = PBXFileReference; lastKnownFileType = sourcecode.swift; path = SyncProfileSheet.swift; sourceTree = "<group>"; };
		E75F7431EB6BB248ED9CBB23 /* UnionSetupSheet.swift */ = {isa = PBXFileReference; lastKnownFileType = sourcecode.swift; path = UnionSetupSheet.swift; sourceTree = "<group>"; };
		F06D0C41F9ACC57735FA133F /* FormatUtilsTests.swift */ = {isa = PBXFileReference; lastKnownFileType = sourcecode.swift; path = FormatUtilsTests.swift; sourceTree = "<group>"; };
		F26AAF5799C5E606D409FF9D /* SyncView.swift */ = {isa = PBXFileReference; lastKnownFileType = sourcecode.swift; path = SyncView.swift; sourceTree = "<group>"; };
		F65BAEDE8D4FA63EFECA57F3 /* PropertiesSheet.swift */ = {isa = PBXFileReference; lastKnownFileType = sourcecode.swift; path = PropertiesSheet.swift; sourceTree = "<group>"; };
		F77B2A5E96B7F7D084C89482 /* SchedulerViewModelTests.swift */ = {isa = PBXFileReference; lastKnownFileType = sourcecode.swift; path = SchedulerViewModelTests.swift; sourceTree = "<group>"; };
		F9666750B3BBF443A4303DE9 /* MountViewModelTests.swift */ = {isa = PBXFileReference; lastKnownFileType = sourcecode.swift; path = MountViewModelTests.swift; sourceTree = "<group>"; };
		FD99C551471C572C575EF951 /* VersionHistorySheet.swift */ = {isa = PBXFileReference; lastKnownFileType = sourcecode.swift; path = VersionHistorySheet.swift; sourceTree = "<group>"; };
		FE94DFF88C4A3C2100E5E0FA /* LockScreenView.swift */ = {isa = PBXFileReference; lastKnownFileType = sourcecode.swift; path = LockScreenView.swift; sourceTree = "<group>"; };
/* End PBXFileReference section */

/* Begin PBXFrameworksBuildPhase section */
		487C517CC7C64C8610DC8F01 /* Frameworks */ = {
			isa = PBXFrameworksBuildPhase;
			buildActionMask = 2147483647;
			files = (
				DAE1A8FD692578AEB8BC852E /* RcloneKit in Frameworks */,
				3F88688B3360221450CB57C1 /* FileBrowser in Frameworks */,
				4811E55E478DBE1664F04A2E /* TransferEngine in Frameworks */,
			);
			runOnlyForDeploymentPostprocessing = 0;
		};
		CFD511B37A36DB4D05CEC669 /* Frameworks */ = {
			isa = PBXFrameworksBuildPhase;
			buildActionMask = 2147483647;
			files = (
				950E6123BCD52DE51F0F5D72 /* RcloneKit in Frameworks */,
				A90A474C91F4467FD24C25B1 /* FileBrowser in Frameworks */,
				0A8A0AE829771EED019EAB4D /* TransferEngine in Frameworks */,
			);
			runOnlyForDeploymentPostprocessing = 0;
		};
/* End PBXFrameworksBuildPhase section */

/* Begin PBXGroup section */
		08D320368E1985B4B65CC1E8 = {
			isa = PBXGroup;
			children = (
				D19C3E809F250D9885F78889 /* Packages */,
				EA78287C2567114A91DE54B4 /* RcloneGUI */,
				767890E416C789B31D890F7F /* RcloneGUITests */,
				61860BCB1D587FB16C934EFA /* Products */,
			);
			sourceTree = "<group>";
		};
		3431E2050F0179AB700B0401 /* CLI */ = {
			isa = PBXGroup;
			children = (
				B0EDA99E878E768D6B75F4E4 /* CLIHandler.swift */,
			);
			path = CLI;
			sourceTree = "<group>";
		};
		55A7FB889A439EC6DD0CC80F /* Utilities */ = {
			isa = PBXGroup;
			children = (
				4BF77A4E04629202EE62380B /* ErrorClassifier.swift */,
				A9A677D7F57716D008D17B43 /* FormatUtils.swift */,
				39DF55222BD1BD31D06AC192 /* L10n.swift */,
				05D52EE497A536CF66B6BA14 /* PathUtils.swift */,
			);
			path = Utilities;
			sourceTree = "<group>";
		};
		61860BCB1D587FB16C934EFA /* Products */ = {
			isa = PBXGroup;
			children = (
				57B2EB5935174016E994EACA /* RcloneGUI.app */,
				AA2DDEAA5890ACBA159AE7B2 /* RcloneGUITests.xctest */,
			);
			name = Products;
			sourceTree = "<group>";
		};
		75FE0B993AF7FD3D2421DBDA /* Views */ = {
			isa = PBXGroup;
			children = (
				D882FD253104D9E1A8B2876C /* AccountSetupView.swift */,
				52B1759FCB8FF98B4CC339C8 /* BookmarkView.swift */,
				2FE41C3FA7CD3DDCB8E214B9 /* BulkRenameSheet.swift */,
				49E767503D6DA16E81118049 /* CompressUploadSheet.swift */,
				28CD19DBE9956E559A09821D /* ConfirmDeleteSheet.swift */,
				B0738E70B6EF3196F869BAEA /* ContentView.swift */,
				7226D01943C969AC0F3F04C0 /* CryptSetupSheet.swift */,
				6DE5D8D0F8CA5455399181B1 /* DuplicateFinderView.swift */,
				61C0A4DE01201EA56ED6DE78 /* ErrorBannerView.swift */,
				1388A665368F1961BD685D05 /* ExplorerView.swift */,
				86E8D1954B475B47F2B2051F /* FilePane.swift */,
				6D77238B2C3C271A813BE9AB /* FilePanePathBar.swift */,
				5231D3878DEE9FAA784621A3 /* FilePaneTabBar.swift */,
				87351B73D23FEAE3793DFD33 /* FileTableView.swift */,
				6A388AAB43F3E2C01CDEAF23 /* FinderUploadSheet.swift */,
				7C17292A13239D0E9FC11E27 /* HashCompareSheet.swift */,
				FE94DFF88C4A3C2100E5E0FA /* LockScreenView.swift */,
				C0DF32F9F85FC56862BA973A /* MediaPlayerSheet.swift */,
				3EA740BCD6F8AD3810DEEA88 /* MenuBarView.swift */,
				3367A1B528B7C25267CA61E4 /* MountView.swift */,
				B5FBB2AFC29F900A57EABD79 /* NewFolderSheet.swift */,
				DEB82F506CED5E93848B9E8A /* OnboardingView.swift */,
				F65BAEDE8D4FA63EFECA57F3 /* PropertiesSheet.swift */,
				DAB4F31A70F874D5F6F981CA /* ProviderIcon.swift */,
				9F55FCB05C4CE60DF12120CE /* QuickLookBridge.swift */,
				35520AB65C05142A7B448AC9 /* QuotaSheet.swift */,
				5E32FEF6A8F7293D51A39017 /* RemoteSelectorView.swift */,
				4A15CD8D70189A5B13D8FCDB /* SchedulerView.swift */,
				A2FFDECC974E2109E8B74D79 /* SearchPanelView.swift */,
				602A18F4A658CA2015CE8470 /* SetPasswordSheet.swift */,
				090079FC162562F112C2A3B5 /* SettingsSheet.swift */,
				79ECDA66CF28B4184F7CF343 /* SidebarView.swift */,
				E650D32A90352D9A20677AE8 /* SyncProfileSheet.swift */,
				F26AAF5799C5E606D409FF9D /* SyncView.swift */,
				992EDF00E3BE18C018EF73C4 /* TransferBarView.swift */,
				44E56BF54E5FF690118EC8DC /* TransferReportSheet.swift */,
				26BAABCB2AEDE0EFAA539908 /* TrashView.swift */,
				E75F7431EB6BB248ED9CBB23 /* UnionSetupSheet.swift */,
				FD99C551471C572C575EF951 /* VersionHistorySheet.swift */,
			);
			path = Views;
			sourceTree = "<group>";
		};
		767890E416C789B31D890F7F /* RcloneGUITests */ = {
			isa = PBXGroup;
			children = (
				3234A62047F52BDA50E2F716 /* AccountViewModelTests.swift */,
				670AF53D6ACFFDDDEDFA3846 /* AppLockViewModelTests.swift */,
				E16BDCB5E0350028A0219D11 /* BookmarkViewModelTests.swift */,
				CCA382391A4ABF79D19478D7 /* CLIHandlerTests.swift */,
				19791174FAAA33B08D7296AE /* ClipboardStateTests.swift */,
				F06D0C41F9ACC57735FA133F /* FormatUtilsTests.swift */,
				D1DD2489EFCF70BDD4260D63 /* L10nTests.swift */,
				30CFB660F919E85CA1982EDC /* MockRcloneClient.swift */,
				F9666750B3BBF443A4303DE9 /* MountViewModelTests.swift */,
				11BC05322F92FE4D7B12810C /* PanelViewModelTests.swift */,
				CE399BD457FA62727539FD6F /* PathUtilsTests.swift */,
				F77B2A5E96B7F7D084C89482 /* SchedulerViewModelTests.swift */,
				89BD872C179F52F865037212 /* SearchViewModelTests.swift */,
				96C95D8C42FA5FEB5BC8174C /* SettingsViewModelTests.swift */,
				021C8E67C73648A086FC35F8 /* SyncViewModelTests.swift */,
				D5DD1E4E18F2F1415841AC39 /* TransferViewModelTests.swift */,
				AE67102A0159FB8CD76EC539 /* TrashViewModelTests.swift */,
			);
			path = RcloneGUITests;
			sourceTree = "<group>";
		};
		BFB47F516659086949ECA886 /* Resources */ = {
			isa = PBXGroup;
			children = (
				6B9DD946499F99FC5F3E724C /* Localizable.xcstrings */,
			);
			path = Resources;
			sourceTree = "<group>";
		};
		BFBD0B203B2EDCBC9B799216 /* Services */ = {
			isa = PBXGroup;
			children = (
				DE9D7A80905496C12B372D73 /* FinderService.swift */,
				7FDF3F697D764C5128E99BD1 /* ShortcutsIntents.swift */,
				3F0433CB242811F8B9F5CA9B /* SpotlightIndexer.swift */,
				86CE7B8D47C64A9AAB391552 /* URLSchemeHandler.swift */,
			);
			path = Services;
			sourceTree = "<group>";
		};
		D19C3E809F250D9885F78889 /* Packages */ = {
			isa = PBXGroup;
			children = (
				58A22AE36DDDC9069C606251 /* FileBrowser */,
				78D37DC600F3C0AB0B7FB065 /* RcloneKit */,
				A5F00A1E54B382E45EE893F4 /* TransferEngine */,
			);
			path = Packages;
			sourceTree = "<group>";
		};
		EA78287C2567114A91DE54B4 /* RcloneGUI */ = {
			isa = PBXGroup;
			children = (
				A3CD57E91417206AF17DDB71 /* App.swift */,
				00AE9EB594683D318ED922F6 /* AppState.swift */,
				3431E2050F0179AB700B0401 /* CLI */,
				BFB47F516659086949ECA886 /* Resources */,
				BFBD0B203B2EDCBC9B799216 /* Services */,
				55A7FB889A439EC6DD0CC80F /* Utilities */,
				F264F73329BC49ACB742ED58 /* ViewModels */,
				75FE0B993AF7FD3D2421DBDA /* Views */,
			);
			path = RcloneGUI;
			sourceTree = "<group>";
		};
		F264F73329BC49ACB742ED58 /* ViewModels */ = {
			isa = PBXGroup;
			children = (
				051EC24A61AA65FEFC569813 /* AccountViewModel.swift */,
				307C24E38B7EB2DCF86D141A /* AppLockViewModel.swift */,
				AA008259D11872FF50784ACF /* BookmarkViewModel.swift */,
				DEE731FEF9343F36A7C52E62 /* ClipboardState.swift */,
				9E3659D33835957F94800916 /* DuplicateDetector.swift */,
				0C496CA1F53C69E0D536E256 /* MountViewModel.swift */,
				0144915081E072ECFA22FEDF /* PanelViewModel.swift */,
				D049D4A21803DCC4AB6CF6D3 /* SchedulerViewModel.swift */,
				646DE6E8813FF584E2B95D5B /* SearchViewModel.swift */,
				D8D14C998D5512918431EA71 /* SettingsViewModel.swift */,
				409240D17EC1A7C4B0AEB92F /* SyncViewModel.swift */,
				52AE5423077A08D13E23E14F /* TransferCheckpoint.swift */,
				5150A4D8F6C0212533E53DD8 /* TransferViewModel.swift */,
				52461AC666D6A7DBE670DCE2 /* TrashViewModel.swift */,
			);
			path = ViewModels;
			sourceTree = "<group>";
		};
/* End PBXGroup section */

/* Begin PBXNativeTarget section */
		8FF9DF8A700B42EDC49ADF2D /* RcloneGUITests */ = {
			isa = PBXNativeTarget;
			buildConfigurationList = 39553032E1627578C79B8A23 /* Build configuration list for PBXNativeTarget "RcloneGUITests" */;
			buildPhases = (
				2A5D34D21527578913DC6F66 /* Sources */,
				CFD511B37A36DB4D05CEC669 /* Frameworks */,
			);
			buildRules = (
			);
			dependencies = (
				16EFB86F5318A01346496AC6 /* PBXTargetDependency */,
			);
			name = RcloneGUITests;
			packageProductDependencies = (
				DAFEF365010052F3E6A7ECED /* RcloneKit */,
				D7B2F18F6C32C3BD1EDADE5E /* FileBrowser */,
				8C33DD9A8FA9D31DB0A4DF51 /* TransferEngine */,
			);
			productName = RcloneGUITests;
			productReference = AA2DDEAA5890ACBA159AE7B2 /* RcloneGUITests.xctest */;
			productType = "com.apple.product-type.bundle.unit-test";
		};
		924C126636D65D7EBB8721A7 /* RcloneGUI */ = {
			isa = PBXNativeTarget;
			buildConfigurationList = 5AF94BF846F144AA44FEF9E7 /* Build configuration list for PBXNativeTarget "RcloneGUI" */;
			buildPhases = (
				ED2F0A5B49BB53AA7CE20172 /* Sources */,
				6EEF2582977FF57E3147A21F /* Copy librclone.dylib */,
				243CC8BA64CB1F08AFB5E2CC /* Resources */,
				487C517CC7C64C8610DC8F01 /* Frameworks */,
			);
			buildRules = (
			);
			dependencies = (
			);
			name = RcloneGUI;
			packageProductDependencies = (
				DFFC37DF129E4F0FB447056A /* RcloneKit */,
				EDCA180A72D526DF98ED4F25 /* FileBrowser */,
				7D29C3486EA14EAAC8508731 /* TransferEngine */,
			);
			productName = RcloneGUI;
			productReference = 57B2EB5935174016E994EACA /* RcloneGUI.app */;
			productType = "com.apple.product-type.application";
		};
/* End PBXNativeTarget section */

/* Begin PBXProject section */
		68FCE6318BDCB6C0EF3E0AD2 /* Project object */ = {
			isa = PBXProject;
			attributes = {
				BuildIndependentTargetsInParallel = YES;
				LastUpgradeCheck = 1500;
				TargetAttributes = {
				};
			};
			buildConfigurationList = 7EBEE40110F9377780025CCC /* Build configuration list for PBXProject "RcloneGUI" */;
			developmentRegion = en;
			hasScannedForEncodings = 0;
			knownRegions = (
				Base,
				en,
				ko,
			);
			mainGroup = 08D320368E1985B4B65CC1E8;
			minimizedProjectReferenceProxies = 1;
			packageReferences = (
				169DC48E6A15E880E7D63AB6 /* XCLocalSwiftPackageReference "Packages/FileBrowser" */,
				5CB56967BCC5AD09BC307871 /* XCLocalSwiftPackageReference "Packages/RcloneKit" */,
				301846749AD0DEB34072AB1B /* XCLocalSwiftPackageReference "Packages/TransferEngine" */,
			);
			preferredProjectObjectVersion = 77;
			productRefGroup = 61860BCB1D587FB16C934EFA /* Products */;
			projectDirPath = "";
			projectRoot = "";
			targets = (
				924C126636D65D7EBB8721A7 /* RcloneGUI */,
				8FF9DF8A700B42EDC49ADF2D /* RcloneGUITests */,
			);
		};
/* End PBXProject section */

/* Begin PBXResourcesBuildPhase section */
		243CC8BA64CB1F08AFB5E2CC /* Resources */ = {
			isa = PBXResourcesBuildPhase;
			buildActionMask = 2147483647;
			files = (
				6B955B64ED84261BDFC765D2 /* Localizable.xcstrings in Resources */,
			);
			runOnlyForDeploymentPostprocessing = 0;
		};
/* End PBXResourcesBuildPhase section */

/* Begin PBXShellScriptBuildPhase section */
		6EEF2582977FF57E3147A21F /* Copy librclone.dylib */ = {
			isa = PBXShellScriptBuildPhase;
			alwaysOutOfDate = 1;
			buildActionMask = 2147483647;
			files = (
			);
			inputFileListPaths = (
			);
			inputPaths = (
			);
			name = "Copy librclone.dylib";
			outputFileListPaths = (
			);
			outputPaths = (
			);
			runOnlyForDeploymentPostprocessing = 0;
			shellPath = /bin/sh;
			shellScript = "# Copy librclone.dylib to Frameworks\nDYLIB_SRC=\"${PROJECT_DIR}/Resources/lib/librclone.dylib\"\nDYLIB_DST=\"${BUILT_PRODUCTS_DIR}/${FRAMEWORKS_FOLDER_PATH}\"\nif [ -f \"$DYLIB_SRC\" ]; then\n  mkdir -p \"$DYLIB_DST\"\n  cp \"$DYLIB_SRC\" \"$DYLIB_DST/\"\n  install_name_tool -id \"@rpath/librclone.dylib\" \"$DYLIB_DST/librclone.dylib\"\nfi\n";
		};
/* End PBXShellScriptBuildPhase section */

/* Begin PBXSourcesBuildPhase section */
		2A5D34D21527578913DC6F66 /* Sources */ = {
			isa = PBXSourcesBuildPhase;
			buildActionMask = 2147483647;
			files = (
				02181AEB7C191AF0105DC778 /* AccountViewModelTests.swift in Sources */,
				5029A7FAA982A9A59C91A16E /* AppLockViewModelTests.swift in Sources */,
				E075FC1E3D85AA8810F792BA /* BookmarkViewModelTests.swift in Sources */,
				7C83A786948DB50027A58D92 /* CLIHandlerTests.swift in Sources */,
				FD5B29F642486E001174AE69 /* ClipboardStateTests.swift in Sources */,
				775C9E6CC5E68EC6E531E7B8 /* FormatUtilsTests.swift in Sources */,
				D968EF1DF527B0441A546064 /* L10nTests.swift in Sources */,
				4CBB1F49A365B4478029E175 /* MockRcloneClient.swift in Sources */,
				4B6F60591FE725DC2136B7C5 /* MountViewModelTests.swift in Sources */,
				CD056BA3486CB41301318CE2 /* PanelViewModelTests.swift in Sources */,
				AD1C0E2FE8B94CF9C11FFCA1 /* PathUtilsTests.swift in Sources */,
				725E546F38CE997C29650604 /* SchedulerViewModelTests.swift in Sources */,
				2D7B7F57438245E2C331836C /* SearchViewModelTests.swift in Sources */,
				B1FD9190EC9CBFF2A867370F /* SettingsViewModelTests.swift in Sources */,
				4617736740BC0097E51CDE41 /* SyncViewModelTests.swift in Sources */,
				2035AB8F25AD0E36FB555B2D /* TransferViewModelTests.swift in Sources */,
				1AC1A2FC404036D746E2AE2C /* TrashViewModelTests.swift in Sources */,
			);
			runOnlyForDeploymentPostprocessing = 0;
		};
		ED2F0A5B49BB53AA7CE20172 /* Sources */ = {
			isa = PBXSourcesBuildPhase;
			buildActionMask = 2147483647;
			files = (
				BA935CD5B8638757177817B5 /* AccountSetupView.swift in Sources */,
				D237F908ECBE83811F1434A5 /* AccountViewModel.swift in Sources */,
				A5D3D5FBE9516269E5FF0A6E /* App.swift in Sources */,
				13AEBC4777ACED0E7B9C8A19 /* AppLockViewModel.swift in Sources */,
				E2A718F0942E1263FF0C853D /* AppState.swift in Sources */,
				EAE976E085C0DA2C5C395036 /* BookmarkView.swift in Sources */,
				E2BB861E40CB7BFC2DE2FCDC /* BookmarkViewModel.swift in Sources */,
				313D4CDBB62AB9DFEDE6CA8F /* BulkRenameSheet.swift in Sources */,
				AF231BC7853B6BA5258C0A00 /* CLIHandler.swift in Sources */,
				07A226EE2F77ABA507DC3BCB /* ClipboardState.swift in Sources */,
				C15F14F4A9A7C849F47A3F91 /* CompressUploadSheet.swift in Sources */,
				403A7333848641306F3A1A5E /* ConfirmDeleteSheet.swift in Sources */,
				7AFDDB9AAA2B36856AF1065E /* ContentView.swift in Sources */,
				3D051FFA0579BAEC8E12F102 /* CryptSetupSheet.swift in Sources */,
				378495DB3588EA16B37DC7A1 /* DuplicateDetector.swift in Sources */,
				47036768A9366CAB5C7D0D5B /* DuplicateFinderView.swift in Sources */,
				243D51F07A18FCCB941C71EC /* ErrorBannerView.swift in Sources */,
				4FA65452464A451F590BC7F2 /* ErrorClassifier.swift in Sources */,
				7D75A7D6936A3833BD58ED09 /* ExplorerView.swift in Sources */,
				7EE0AC25E5A2309B494A8CE3 /* FilePane.swift in Sources */,
				E4E96BEC6FE83A2149D06E22 /* FilePanePathBar.swift in Sources */,
				F9EEB6464F2F2D9D2596CC2A /* FilePaneTabBar.swift in Sources */,
				FAE1AC8FEAA9889057D1DAD9 /* FileTableView.swift in Sources */,
				6AE5B27977F360E37A399953 /* FinderService.swift in Sources */,
				88E772ABF499FA4AC20391DC /* FinderUploadSheet.swift in Sources */,
				83C3017DFCE8E01FC33C1B03 /* FormatUtils.swift in Sources */,
				C706CB7F75EC151B17E37F45 /* HashCompareSheet.swift in Sources */,
				40D08091F09CE22B1ECC0FD3 /* L10n.swift in Sources */,
				3A422DE5C87248AC604C7DB2 /* LockScreenView.swift in Sources */,
				079E791883E64C1DBDCA57B1 /* MediaPlayerSheet.swift in Sources */,
				25B731ED42E255F1E03CE89F /* MenuBarView.swift in Sources */,
				C459DD6871CEA692FAB4DBE4 /* MountView.swift in Sources */,
				AC944D099EDFC62D21457718 /* MountViewModel.swift in Sources */,
				44ED77D032B7DADB098CD7F6 /* NewFolderSheet.swift in Sources */,
				4E285EB57273DA3AF1D85B9A /* OnboardingView.swift in Sources */,
				2AD7F3888315638DD5A44269 /* PanelViewModel.swift in Sources */,
				B8376551C59A3B4F5420CE4A /* PathUtils.swift in Sources */,
				073DBA89543E46C63CD05503 /* PropertiesSheet.swift in Sources */,
				EA0C9E2790D82D5C6D5272BB /* ProviderIcon.swift in Sources */,
				8585D96A6063CC692E40BB2F /* QuickLookBridge.swift in Sources */,
				25959630071EDB113C17A17B /* QuotaSheet.swift in Sources */,
				EE5262051872458647D6BEF8 /* RemoteSelectorView.swift in Sources */,
				E72A48C49418D7029790D3BA /* SchedulerView.swift in Sources */,
				5F19F557B79DD21E7404E931 /* SchedulerViewModel.swift in Sources */,
				909B9642CD5641144D3C4CBD /* SearchPanelView.swift in Sources */,
				157CC405111B97E225993A86 /* SearchViewModel.swift in Sources */,
				83436735E2F2C4A2419B726D /* SetPasswordSheet.swift in Sources */,
				723A6BCAB2E8AA9FD84D303C /* SettingsSheet.swift in Sources */,
				CFD8F3ECF6B06D682E8ED167 /* SettingsViewModel.swift in Sources */,
				06D843FC3C1FCBD2CAD2CF03 /* ShortcutsIntents.swift in Sources */,
				717FEE990CF602296BD40C7B /* SidebarView.swift in Sources */,
				3640F647B1A6D84755DE7CB8 /* SpotlightIndexer.swift in Sources */,
				EA978993B6C5EB828DEEA921 /* SyncProfileSheet.swift in Sources */,
				CFCBBBE6FA89E0AB9105A495 /* SyncView.swift in Sources */,
				DE92648DB6DB91BD20C8E7A9 /* SyncViewModel.swift in Sources */,
				AEB6A193DBE982BD53687ADD /* TransferBarView.swift in Sources */,
				38E5C1A13B164AFCA8F53D6D /* TransferCheckpoint.swift in Sources */,
				D6B9E5A5F380557102335AD1 /* TransferReportSheet.swift in Sources */,
				F95D1084ED438C375089F0CE /* TransferViewModel.swift in Sources */,
				5A902CEEECB6CDA9633EEE9E /* TrashView.swift in Sources */,
				4E0063D38E0A20A7742ADB9F /* TrashViewModel.swift in Sources */,
				C4665B3B160E583A22C0674E /* URLSchemeHandler.swift in Sources */,
				A81FA05C53B8494BAD01F87C /* UnionSetupSheet.swift in Sources */,
				31A11E75C90674C658F3B5BE /* VersionHistorySheet.swift in Sources */,
			);
			runOnlyForDeploymentPostprocessing = 0;
		};
/* End PBXSourcesBuildPhase section */

/* Begin PBXTargetDependency section */
		16EFB86F5318A01346496AC6 /* PBXTargetDependency */ = {
			isa = PBXTargetDependency;
			target = 924C126636D65D7EBB8721A7 /* RcloneGUI */;
			targetProxy = 514343397AB5F8D9B14AC736 /* PBXContainerItemProxy */;
		};
/* End PBXTargetDependency section */

/* Begin XCBuildConfiguration section */
		4A0DC060C7AC17EE20B8D793 /* Release */ = {
			isa = XCBuildConfiguration;
			buildSettings = {
				ALWAYS_SEARCH_USER_PATHS = NO;
				CLANG_ANALYZER_NONNULL = YES;
				CLANG_ANALYZER_NUMBER_OBJECT_CONVERSION = YES_AGGRESSIVE;
				CLANG_CXX_LANGUAGE_STANDARD = "gnu++14";
				CLANG_CXX_LIBRARY = "libc++";
				CLANG_ENABLE_MODULES = YES;
				CLANG_ENABLE_OBJC_ARC = YES;
				CLANG_ENABLE_OBJC_WEAK = YES;
				CLANG_WARN_BLOCK_CAPTURE_AUTORELEASING = YES;
				CLANG_WARN_BOOL_CONVERSION = YES;
				CLANG_WARN_COMMA = YES;
				CLANG_WARN_CONSTANT_CONVERSION = YES;
				CLANG_WARN_DEPRECATED_OBJC_IMPLEMENTATIONS = YES;
				CLANG_WARN_DIRECT_OBJC_ISA_USAGE = YES_ERROR;
				CLANG_WARN_DOCUMENTATION_COMMENTS = YES;
				CLANG_WARN_EMPTY_BODY = YES;
				CLANG_WARN_ENUM_CONVERSION = YES;
				CLANG_WARN_INFINITE_RECURSION = YES;
				CLANG_WARN_INT_CONVERSION = YES;
				CLANG_WARN_NON_LITERAL_NULL_CONVERSION = YES;
				CLANG_WARN_OBJC_IMPLICIT_RETAIN_SELF = YES;
				CLANG_WARN_OBJC_LITERAL_CONVERSION = YES;
				CLANG_WARN_OBJC_ROOT_CLASS = YES_ERROR;
				CLANG_WARN_QUOTED_INCLUDE_IN_FRAMEWORK_HEADER = YES;
				CLANG_WARN_RANGE_LOOP_ANALYSIS = YES;
				CLANG_WARN_STRICT_PROTOTYPES = YES;
				CLANG_WARN_SUSPICIOUS_MOVE = YES;
				CLANG_WARN_UNGUARDED_AVAILABILITY = YES_AGGRESSIVE;
				CLANG_WARN_UNREACHABLE_CODE = YES;
				CLANG_WARN__DUPLICATE_METHOD_MATCH = YES;
				COPY_PHASE_STRIP = NO;
				DEBUG_INFORMATION_FORMAT = "dwarf-with-dsym";
				ENABLE_NS_ASSERTIONS = NO;
				ENABLE_STRICT_OBJC_MSGSEND = YES;
				GCC_C_LANGUAGE_STANDARD = gnu11;
				GCC_NO_COMMON_BLOCKS = YES;
				GCC_WARN_64_TO_32_BIT_CONVERSION = YES;
				GCC_WARN_ABOUT_RETURN_TYPE = YES_ERROR;
				GCC_WARN_UNDECLARED_SELECTOR = YES;
				GCC_WARN_UNINITIALIZED_AUTOS = YES_AGGRESSIVE;
				GCC_WARN_UNUSED_FUNCTION = YES;
				GCC_WARN_UNUSED_VARIABLE = YES;
				MACOSX_DEPLOYMENT_TARGET = 14.0;
				MTL_ENABLE_DEBUG_INFO = NO;
				MTL_FAST_MATH = YES;
				PRODUCT_NAME = "$(TARGET_NAME)";
				SDKROOT = macosx;
				SWIFT_COMPILATION_MODE = wholemodule;
				SWIFT_OPTIMIZATION_LEVEL = "-O";
				SWIFT_VERSION = 5.0;
			};
			name = Release;
		};
		66CE89021A6356774D599274 /* Release */ = {
			isa = XCBuildConfiguration;
			buildSettings = {
				BUNDLE_LOADER = "$(TEST_HOST)";
				COMBINE_HIDPI_IMAGES = YES;
				GENERATE_INFOPLIST_FILE = YES;
				LD_RUNPATH_SEARCH_PATHS = (
					"@executable_path/../Frameworks",
					"@loader_path/../Frameworks",
				);
				LIBRARY_SEARCH_PATHS = (
					"$(PROJECT_DIR)/Resources/lib",
				);
				MACOSX_DEPLOYMENT_TARGET = 14.0;
				PRODUCT_BUNDLE_IDENTIFIER = "com.rclone-gui.RcloneGUITests";
				SDKROOT = macosx;
				SWIFT_VERSION = 5.10;
				TEST_HOST = "$(BUILT_PRODUCTS_DIR)/RcloneGUI.app/Contents/MacOS/RcloneGUI";
			};
			name = Release;
		};
		9FA0A79D061DFF71701A7458 /* Debug */ = {
			isa = XCBuildConfiguration;
			buildSettings = {
				BUNDLE_LOADER = "$(TEST_HOST)";
				COMBINE_HIDPI_IMAGES = YES;
				GENERATE_INFOPLIST_FILE = YES;
				LD_RUNPATH_SEARCH_PATHS = (
					"@executable_path/../Frameworks",
					"@loader_path/../Frameworks",
				);
				LIBRARY_SEARCH_PATHS = (
					"$(PROJECT_DIR)/Resources/lib",
				);
				MACOSX_DEPLOYMENT_TARGET = 14.0;
				PRODUCT_BUNDLE_IDENTIFIER = "com.rclone-gui.RcloneGUITests";
				SDKROOT = macosx;
				SWIFT_VERSION = 5.10;
				TEST_HOST = "$(BUILT_PRODUCTS_DIR)/RcloneGUI.app/Contents/MacOS/RcloneGUI";
			};
			name = Debug;
		};
		B8D0EABE39944BBD3835552B /* Debug */ = {
			isa = XCBuildConfiguration;
			buildSettings = {
				ALWAYS_SEARCH_USER_PATHS = NO;
				CLANG_ANALYZER_NONNULL = YES;
				CLANG_ANALYZER_NUMBER_OBJECT_CONVERSION = YES_AGGRESSIVE;
				CLANG_CXX_LANGUAGE_STANDARD = "gnu++14";
				CLANG_CXX_LIBRARY = "libc++";
				CLANG_ENABLE_MODULES = YES;
				CLANG_ENABLE_OBJC_ARC = YES;
				CLANG_ENABLE_OBJC_WEAK = YES;
				CLANG_WARN_BLOCK_CAPTURE_AUTORELEASING = YES;
				CLANG_WARN_BOOL_CONVERSION = YES;
				CLANG_WARN_COMMA = YES;
				CLANG_WARN_CONSTANT_CONVERSION = YES;
				CLANG_WARN_DEPRECATED_OBJC_IMPLEMENTATIONS = YES;
				CLANG_WARN_DIRECT_OBJC_ISA_USAGE = YES_ERROR;
				CLANG_WARN_DOCUMENTATION_COMMENTS = YES;
				CLANG_WARN_EMPTY_BODY = YES;
				CLANG_WARN_ENUM_CONVERSION = YES;
				CLANG_WARN_INFINITE_RECURSION = YES;
				CLANG_WARN_INT_CONVERSION = YES;
				CLANG_WARN_NON_LITERAL_NULL_CONVERSION = YES;
				CLANG_WARN_OBJC_IMPLICIT_RETAIN_SELF = YES;
				CLANG_WARN_OBJC_LITERAL_CONVERSION = YES;
				CLANG_WARN_OBJC_ROOT_CLASS = YES_ERROR;
				CLANG_WARN_QUOTED_INCLUDE_IN_FRAMEWORK_HEADER = YES;
				CLANG_WARN_RANGE_LOOP_ANALYSIS = YES;
				CLANG_WARN_STRICT_PROTOTYPES = YES;
				CLANG_WARN_SUSPICIOUS_MOVE = YES;
				CLANG_WARN_UNGUARDED_AVAILABILITY = YES_AGGRESSIVE;
				CLANG_WARN_UNREACHABLE_CODE = YES;
				CLANG_WARN__DUPLICATE_METHOD_MATCH = YES;
				COPY_PHASE_STRIP = NO;
				DEBUG_INFORMATION_FORMAT = dwarf;
				ENABLE_STRICT_OBJC_MSGSEND = YES;
				ENABLE_TESTABILITY = YES;
				GCC_C_LANGUAGE_STANDARD = gnu11;
				GCC_DYNAMIC_NO_PIC = NO;
				GCC_NO_COMMON_BLOCKS = YES;
				GCC_OPTIMIZATION_LEVEL = 0;
				GCC_PREPROCESSOR_DEFINITIONS = (
					"$(inherited)",
					"DEBUG=1",
				);
				GCC_WARN_64_TO_32_BIT_CONVERSION = YES;
				GCC_WARN_ABOUT_RETURN_TYPE = YES_ERROR;
				GCC_WARN_UNDECLARED_SELECTOR = YES;
				GCC_WARN_UNINITIALIZED_AUTOS = YES_AGGRESSIVE;
				GCC_WARN_UNUSED_FUNCTION = YES;
				GCC_WARN_UNUSED_VARIABLE = YES;
				MACOSX_DEPLOYMENT_TARGET = 14.0;
				MTL_ENABLE_DEBUG_INFO = INCLUDE_SOURCE;
				MTL_FAST_MATH = YES;
				ONLY_ACTIVE_ARCH = YES;
				PRODUCT_NAME = "$(TARGET_NAME)";
				SDKROOT = macosx;
				SWIFT_ACTIVE_COMPILATION_CONDITIONS = DEBUG;
				SWIFT_OPTIMIZATION_LEVEL = "-Onone";
				SWIFT_VERSION = 5.0;
			};
			name = Debug;
		};
		C6EB709B548999602828CE88 /* Debug */ = {
			isa = XCBuildConfiguration;
			buildSettings = {
				ASSETCATALOG_COMPILER_APPICON_NAME = AppIcon;
				COMBINE_HIDPI_IMAGES = YES;
				CURRENT_PROJECT_VERSION = 1;
				INFOPLIST_FILE = RcloneGUI/Info.plist;
				LD_RUNPATH_SEARCH_PATHS = (
					"@executable_path/../Frameworks",
				);
				LIBRARY_SEARCH_PATHS = (
					"$(PROJECT_DIR)/Resources/lib",
				);
				MACOSX_DEPLOYMENT_TARGET = 14.0;
				MARKETING_VERSION = 1.3.0;
				OTHER_LDFLAGS = (
					"-lrclone",
				);
				PRODUCT_BUNDLE_IDENTIFIER = "com.rclone-gui.RcloneGUI";
				PRODUCT_NAME = RcloneGUI;
				SDKROOT = macosx;
				SWIFT_VERSION = 5.10;
			};
			name = Debug;
		};
		DA68FB39CB846A85037C9F21 /* Release */ = {
			isa = XCBuildConfiguration;
			buildSettings = {
				ASSETCATALOG_COMPILER_APPICON_NAME = AppIcon;
				COMBINE_HIDPI_IMAGES = YES;
				CURRENT_PROJECT_VERSION = 1;
				INFOPLIST_FILE = RcloneGUI/Info.plist;
				LD_RUNPATH_SEARCH_PATHS = (
					"@executable_path/../Frameworks",
				);
				LIBRARY_SEARCH_PATHS = (
					"$(PROJECT_DIR)/Resources/lib",
				);
				MACOSX_DEPLOYMENT_TARGET = 14.0;
				MARKETING_VERSION = 1.3.0;
				OTHER_LDFLAGS = (
					"-lrclone",
				);
				PRODUCT_BUNDLE_IDENTIFIER = "com.rclone-gui.RcloneGUI";
				PRODUCT_NAME = RcloneGUI;
				SDKROOT = macosx;
				SWIFT_VERSION = 5.10;
			};
			name = Release;
		};
/* End XCBuildConfiguration section */

/* Begin XCConfigurationList section */
		39553032E1627578C79B8A23 /* Build configuration list for PBXNativeTarget "RcloneGUITests" */ = {
			isa = XCConfigurationList;
			buildConfigurations = (
				9FA0A79D061DFF71701A7458 /* Debug */,
				66CE89021A6356774D599274 /* Release */,
			);
			defaultConfigurationIsVisible = 0;
			defaultConfigurationName = Debug;
		};
		5AF94BF846F144AA44FEF9E7 /* Build configuration list for PBXNativeTarget "RcloneGUI" */ = {
			isa = XCConfigurationList;
			buildConfigurations = (
				C6EB709B548999602828CE88 /* Debug */,
				DA68FB39CB846A85037C9F21 /* Release */,
			);
			defaultConfigurationIsVisible = 0;
			defaultConfigurationName = Debug;
		};
		7EBEE40110F9377780025CCC /* Build configuration list for PBXProject "RcloneGUI" */ = {
			isa = XCConfigurationList;
			buildConfigurations = (
				B8D0EABE39944BBD3835552B /* Debug */,
				4A0DC060C7AC17EE20B8D793 /* Release */,
			);
			defaultConfigurationIsVisible = 0;
			defaultConfigurationName = Debug;
		};
/* End XCConfigurationList section */

/* Begin XCLocalSwiftPackageReference section */
		169DC48E6A15E880E7D63AB6 /* XCLocalSwiftPackageReference "Packages/FileBrowser" */ = {
			isa = XCLocalSwiftPackageReference;
			relativePath = Packages/FileBrowser;
		};
		301846749AD0DEB34072AB1B /* XCLocalSwiftPackageReference "Packages/TransferEngine" */ = {
			isa = XCLocalSwiftPackageReference;
			relativePath = Packages/TransferEngine;
		};
		5CB56967BCC5AD09BC307871 /* XCLocalSwiftPackageReference "Packages/RcloneKit" */ = {
			isa = XCLocalSwiftPackageReference;
			relativePath = Packages/RcloneKit;
		};
/* End XCLocalSwiftPackageReference section */

/* Begin XCSwiftPackageProductDependency section */
		7D29C3486EA14EAAC8508731 /* TransferEngine */ = {
			isa = XCSwiftPackageProductDependency;
			productName = TransferEngine;
		};
		8C33DD9A8FA9D31DB0A4DF51 /* TransferEngine */ = {
			isa = XCSwiftPackageProductDependency;
			productName = TransferEngine;
		};
		D7B2F18F6C32C3BD1EDADE5E /* FileBrowser */ = {
			isa = XCSwiftPackageProductDependency;
			productName = FileBrowser;
		};
		DAFEF365010052F3E6A7ECED /* RcloneKit */ = {
			isa = XCSwiftPackageProductDependency;
			productName = RcloneKit;
		};
		DFFC37DF129E4F0FB447056A /* RcloneKit */ = {
			isa = XCSwiftPackageProductDependency;
			productName = RcloneKit;
		};
		EDCA180A72D526DF98ED4F25 /* FileBrowser */ = {
			isa = XCSwiftPackageProductDependency;
			productName = FileBrowser;
		};
/* End XCSwiftPackageProductDependency section */
	};
	rootObject = 68FCE6318BDCB6C0EF3E0AD2 /* Project object */;
}
